{
  "name": "@cartesi/poker-webapp",
  "version": "0.1.0",
  "lockfileVersion": 1,
  "requires": true,
  "dependencies": {
    "pokersolver": {
      "version": "2.1.4",
      "resolved": "https://registry.npmjs.org/pokersolver/-/pokersolver-2.1.4.tgz",
      "integrity": "sha512-vmgZS+K8H8r1RePQykFM5YyvlKo1v3xVec8FMBjg9N6mR2Tj/n/X415w+lG67FWbrk71D/CADmKFinDgaQlAsw=="
    }
  }
}
